# THIS IS AN AUTOGENERATED FILE. DO NOT EDIT THIS FILE DIRECTLY.
# yarn lockfile v1


doc-ready@^1.0.4:
  version "1.0.4"
  resolved "https://registry.yarnpkg.com/doc-ready/-/doc-ready-1.0.4.tgz#37f5391969cff994303fdfef2e5d50357f8164d3"
  integrity sha1-N/U5GWnP+ZQwP9/vLl1QNX+BZNM=
  dependencies:
    eventie "^1"

electron-prompt@^1.3.0:
  version "1.3.0"
  resolved "https://registry.yarnpkg.com/electron-prompt/-/electron-prompt-1.3.0.tgz#f4919963db941f3ea8a519063abd707e9344f5a9"
  integrity sha512-BsoPDQ84QEzQtqWjbbDlFqwKKAgC6F6RKbLVKSRC4AQLxOqfqKlSm56RLNk1hV00iG4IutJiALgGhKhmxysEIQ==
  dependencies:
    doc-ready "^1.0.4"

eventie@^1:
  version "1.0.6"
  resolved "https://registry.yarnpkg.com/eventie/-/eventie-1.0.6.tgz#d4ffc8b0c2b5e493c2aa1b22cbe918d3aee74437"
  integrity sha1-1P/IsMK15JPCqhsiy+kY067nRDc=

file-saver@^2.0.1:
  version "2.0.1"
  resolved "https://registry.yarnpkg.com/file-saver/-/file-saver-2.0.1.tgz#7fe2242af1cbc559a29d8176078a8b56d781fa79"
  integrity sha512-dCB3K7/BvAcUmtmh1DzFdv0eXSVJ9IAFt1mw3XZfAexodNRoE29l3xB2EX4wH2q8m/UTzwzEPq/ArYk98kUkBQ==

now@^14.0.0:
  version "14.0.0"
  resolved "https://registry.yarnpkg.com/now/-/now-14.0.0.tgz#7fb7aff0c7c1465e534d84198c9e19d284f9cd59"
  integrity sha512-zOdmN6+6dLTiHCDujp683KRWG4BE6OwIGU++aZXmss8C4GXuKuZU/Bp7czhwnzab/2qs8OtlaTW6eibcNNV0xA==
