# THIS IS AN AUTOGENERATED FILE. DO NOT EDIT THIS FILE DIRECTLY.
# yarn lockfile v1


copy-paste@^1.3.0:
  version "1.3.0"
  resolved "https://registry.yarnpkg.com/copy-paste/-/copy-paste-1.3.0.tgz#a7e6c4a1c28fdedf2b081e72b97df2ef95f471ed"
  dependencies:
    iconv-lite "^0.4.8"
  optionalDependencies:
    sync-exec "~0.6.x"

doc-ready@^1.0.4:
  version "1.0.4"
  resolved "https://registry.yarnpkg.com/doc-ready/-/doc-ready-1.0.4.tgz#37f5391969cff994303fdfef2e5d50357f8164d3"
  dependencies:
    eventie "^1"

electron-prompt@^1.3.0:
  version "1.3.0"
  resolved "https://registry.yarnpkg.com/electron-prompt/-/electron-prompt-1.3.0.tgz#f4919963db941f3ea8a519063abd707e9344f5a9"
  dependencies:
    doc-ready "^1.0.4"

eventie@^1:
  version "1.0.6"
  resolved "https://registry.yarnpkg.com/eventie/-/eventie-1.0.6.tgz#d4ffc8b0c2b5e493c2aa1b22cbe918d3aee74437"

iconv-lite@^0.4.8:
  version "0.4.24"
  resolved "https://registry.yarnpkg.com/iconv-lite/-/iconv-lite-0.4.24.tgz#2022b4b25fbddc21d2f524974a474aafe733908b"
  dependencies:
    safer-buffer ">= 2.1.2 < 3"

now@^14.0.0:
  version "14.0.0"
  resolved "https://registry.yarnpkg.com/now/-/now-14.0.0.tgz#7fb7aff0c7c1465e534d84198c9e19d284f9cd59"

"safer-buffer@>= 2.1.2 < 3":
  version "2.1.2"
  resolved "https://registry.yarnpkg.com/safer-buffer/-/safer-buffer-2.1.2.tgz#44fa161b0187b9549dd84bb91802f9bd8385cd6a"

sync-exec@~0.6.x:
  version "0.6.2"
  resolved "https://registry.yarnpkg.com/sync-exec/-/sync-exec-0.6.2.tgz#717d22cc53f0ce1def5594362f3a89a2ebb91105"
