# THIS IS AN AUTOGENERATED FILE. DO NOT EDIT THIS FILE DIRECTLY.
# yarn lockfile v1


now@^14.0.0:
  version "14.0.0"
  resolved "https://registry.yarnpkg.com/now/-/now-14.0.0.tgz#7fb7aff0c7c1465e534d84198c9e19d284f9cd59"
  integrity sha512-zOdmN6+6dLTiHCDujp683KRWG4BE6OwIGU++aZXmss8C4GXuKuZU/Bp7czhwnzab/2qs8OtlaTW6eibcNNV0xA==
